// !$*UTF8*$!
{
	archiveVersion = 1;
	classes = {
	};
	objectVersion = 56;
	objects = {

/* Begin PBXBuildFile section */
		D352322E2B53ADE7003A630E /* RoundTextField.swift in Sources */ = {isa = PBXBuildFile; fileRef = D352322D2B53ADE7003A630E /* RoundTextField.swift */; };
		D35232302B53B207003A630E /* SignInView.swift in Sources */ = {isa = PBXBuildFile; fileRef = D352322F2B53B207003A630E /* SignInView.swift */; };
		D35232322B53C273003A630E /* MainTabView.swift in Sources */ = {isa = PBXBuildFile; fileRef = D35232312B53C273003A630E /* MainTabView.swift */; };
		D35232342B53CBF8003A630E /* HomeView.swift in Sources */ = {isa = PBXBuildFile; fileRef = D35232332B53CBF8003A630E /* HomeView.swift */; };
		D35232362B54E283003A630E /* SegmentButton.swift in Sources */ = {isa = PBXBuildFile; fileRef = D35232352B54E283003A630E /* SegmentButton.swift */; };
		D35232382B54E41E003A630E /* SubscriptionModel.swift in Sources */ = {isa = PBXBuildFile; fileRef = D35232372B54E41E003A630E /* SubscriptionModel.swift */; };
		D352323A2B54EA73003A630E /* SubscriptionHomeRow.swift in Sources */ = {isa = PBXBuildFile; fileRef = D35232392B54EA73003A630E /* SubscriptionHomeRow.swift */; };
		D352323C2B54EB08003A630E /* UpcomingBillRow.swift in Sources */ = {isa = PBXBuildFile; fileRef = D352323B2B54EB08003A630E /* UpcomingBillRow.swift */; };
		D352323E2B54ED66003A630E /* StatusButton.swift in Sources */ = {isa = PBXBuildFile; fileRef = D352323D2B54ED66003A630E /* StatusButton.swift */; };
		D35232402B54F07C003A630E /* ArcShape.swift in Sources */ = {isa = PBXBuildFile; fileRef = D352323F2B54F07C003A630E /* ArcShape.swift */; };
		D35232432B552113003A630E /* BudgetsView.swift in Sources */ = {isa = PBXBuildFile; fileRef = D35232422B552113003A630E /* BudgetsView.swift */; };
		D35232452B55216C003A630E /* BudgetModel.swift in Sources */ = {isa = PBXBuildFile; fileRef = D35232442B55216C003A630E /* BudgetModel.swift */; };
		D35232472B5527B9003A630E /* BudgetRow.swift in Sources */ = {isa = PBXBuildFile; fileRef = D35232462B5527B9003A630E /* BudgetRow.swift */; };
		D35232492B556545003A630E /* ArcModel.swift in Sources */ = {isa = PBXBuildFile; fileRef = D35232482B556545003A630E /* ArcModel.swift */; };
		D389758A2B4809A00000419B /* TrackizerApp.swift in Sources */ = {isa = PBXBuildFile; fileRef = D38975892B4809A00000419B /* TrackizerApp.swift */; };
		D389758E2B4809A10000419B /* Assets.xcassets in Resources */ = {isa = PBXBuildFile; fileRef = D389758D2B4809A10000419B /* Assets.xcassets */; };
		D38975912B4809A10000419B /* Preview Assets.xcassets in Resources */ = {isa = PBXBuildFile; fileRef = D38975902B4809A10000419B /* Preview Assets.xcassets */; };
		D38975A42B480CD60000419B /* Inter-Bold.ttf in Resources */ = {isa = PBXBuildFile; fileRef = D38975A02B480CD60000419B /* Inter-Bold.ttf */; };
		D38975A52B480CD60000419B /* Inter-Medium.ttf in Resources */ = {isa = PBXBuildFile; fileRef = D38975A12B480CD60000419B /* Inter-Medium.ttf */; };
		D38975A62B480CD60000419B /* Inter-Regular.ttf in Resources */ = {isa = PBXBuildFile; fileRef = D38975A22B480CD60000419B /* Inter-Regular.ttf */; };
		D38975A72B480CD60000419B /* Inter-SemiBold.ttf in Resources */ = {isa = PBXBuildFile; fileRef = D38975A32B480CD60000419B /* Inter-SemiBold.ttf */; };
		D38975AA2B480D740000419B /* UIExtension.swift in Sources */ = {isa = PBXBuildFile; fileRef = D38975A92B480D740000419B /* UIExtension.swift */; };
		D38975AC2B4829C90000419B /* WelcomeView.swift in Sources */ = {isa = PBXBuildFile; fileRef = D38975AB2B4829C90000419B /* WelcomeView.swift */; };
		D38975AE2B482E3D0000419B /* PrimaryButton.swift in Sources */ = {isa = PBXBuildFile; fileRef = D38975AD2B482E3D0000419B /* PrimaryButton.swift */; };
		D38975B02B482F410000419B /* SecondaryButton.swift in Sources */ = {isa = PBXBuildFile; fileRef = D38975AF2B482F410000419B /* SecondaryButton.swift */; };
		D38975B22B48307C0000419B /* SocialSignupView.swift in Sources */ = {isa = PBXBuildFile; fileRef = D38975B12B48307C0000419B /* SocialSignupView.swift */; };
		D38975B42B4A5AA20000419B /* SignUpView.swift in Sources */ = {isa = PBXBuildFile; fileRef = D38975B32B4A5AA20000419B /* SignUpView.swift */; };
/* End PBXBuildFile section */

/* Begin PBXFileReference section */
		D352322D2B53ADE7003A630E /* RoundTextField.swift */ = {isa = PBXFileReference; lastKnownFileType = sourcecode.swift; path = RoundTextField.swift; sourceTree = "<group>"; };
		D352322F2B53B207003A630E /* SignInView.swift */ = {isa = PBXFileReference; lastKnownFileType = sourcecode.swift; path = SignInView.swift; sourceTree = "<group>"; };
		D35232312B53C273003A630E /* MainTabView.swift */ = {isa = PBXFileReference; lastKnownFileType = sourcecode.swift; path = MainTabView.swift; sourceTree = "<group>"; };
		D35232332B53CBF8003A630E /* HomeView.swift */ = {isa = PBXFileReference; lastKnownFileType = sourcecode.swift; path = HomeView.swift; sourceTree = "<group>"; };
		D35232352B54E283003A630E /* SegmentButton.swift */ = {isa = PBXFileReference; lastKnownFileType = sourcecode.swift; path = SegmentButton.swift; sourceTree = "<group>"; };
		D35232372B54E41E003A630E /* SubscriptionModel.swift */ = {isa = PBXFileReference; lastKnownFileType = sourcecode.swift; path = SubscriptionModel.swift; sourceTree = "<group>"; };
		D35232392B54EA73003A630E /* SubscriptionHomeRow.swift */ = {isa = PBXFileReference; lastKnownFileType = sourcecode.swift; path = SubscriptionHomeRow.swift; sourceTree = "<group>"; };
		D352323B2B54EB08003A630E /* UpcomingBillRow.swift */ = {isa = PBXFileReference; lastKnownFileType = sourcecode.swift; path = UpcomingBillRow.swift; sourceTree = "<group>"; };
		D352323D2B54ED66003A630E /* StatusButton.swift */ = {isa = PBXFileReference; lastKnownFileType = sourcecode.swift; path = StatusButton.swift; sourceTree = "<group>"; };
		D352323F2B54F07C003A630E /* ArcShape.swift */ = {isa = PBXFileReference; lastKnownFileType = sourcecode.swift; path = ArcShape.swift; sourceTree = "<group>"; };
		D35232422B552113003A630E /* BudgetsView.swift */ = {isa = PBXFileReference; lastKnownFileType = sourcecode.swift; path = BudgetsView.swift; sourceTree = "<group>"; };
		D35232442B55216C003A630E /* BudgetModel.swift */ = {isa = PBXFileReference; lastKnownFileType = sourcecode.swift; path = BudgetModel.swift; sourceTree = "<group>"; };
		D35232462B5527B9003A630E /* BudgetRow.swift */ = {isa = PBXFileReference; lastKnownFileType = sourcecode.swift; path = BudgetRow.swift; sourceTree = "<group>"; };
		D35232482B556545003A630E /* ArcModel.swift */ = {isa = PBXFileReference; lastKnownFileType = sourcecode.swift; path = ArcModel.swift; sourceTree = "<group>"; };
		D38975862B4809A00000419B /* Trackizer.app */ = {isa = PBXFileReference; explicitFileType = wrapper.application; includeInIndex = 0; path = Trackizer.app; sourceTree = BUILT_PRODUCTS_DIR; };
		D38975892B4809A00000419B /* TrackizerApp.swift */ = {isa = PBXFileReference; lastKnownFileType = sourcecode.swift; path = TrackizerApp.swift; sourceTree = "<group>"; };
		D389758D2B4809A10000419B /* Assets.xcassets */ = {isa = PBXFileReference; lastKnownFileType = folder.assetcatalog; path = Assets.xcassets; sourceTree = "<group>"; };
		D38975902B4809A10000419B /* Preview Assets.xcassets */ = {isa = PBXFileReference; lastKnownFileType = folder.assetcatalog; path = "Preview Assets.xcassets"; sourceTree = "<group>"; };
		D38975A02B480CD60000419B /* Inter-Bold.ttf */ = {isa = PBXFileReference; lastKnownFileType = file; path = "Inter-Bold.ttf"; sourceTree = "<group>"; };
		D38975A12B480CD60000419B /* Inter-Medium.ttf */ = {isa = PBXFileReference; lastKnownFileType = file; path = "Inter-Medium.ttf"; sourceTree = "<group>"; };
		D38975A22B480CD60000419B /* Inter-Regular.ttf */ = {isa = PBXFileReference; lastKnownFileType = file; path = "Inter-Regular.ttf"; sourceTree = "<group>"; };
		D38975A32B480CD60000419B /* Inter-SemiBold.ttf */ = {isa = PBXFileReference; lastKnownFileType = file; path = "Inter-SemiBold.ttf"; sourceTree = "<group>"; };
		D38975A82B480CF50000419B /* Info.plist */ = {isa = PBXFileReference; lastKnownFileType = text.plist; path = Info.plist; sourceTree = "<group>"; };
		D38975A92B480D740000419B /* UIExtension.swift */ = {isa = PBXFileReference; lastKnownFileType = sourcecode.swift; path = UIExtension.swift; sourceTree = "<group>"; };
		D38975AB2B4829C90000419B /* WelcomeView.swift */ = {isa = PBXFileReference; lastKnownFileType = sourcecode.swift; path = WelcomeView.swift; sourceTree = "<group>"; };
		D38975AD2B482E3D0000419B /* PrimaryButton.swift */ = {isa = PBXFileReference; lastKnownFileType = sourcecode.swift; path = PrimaryButton.swift; sourceTree = "<group>"; };
		D38975AF2B482F410000419B /* SecondaryButton.swift */ = {isa = PBXFileReference; lastKnownFileType = sourcecode.swift; path = SecondaryButton.swift; sourceTree = "<group>"; };
		D38975B12B48307C0000419B /* SocialSignupView.swift */ = {isa = PBXFileReference; lastKnownFileType = sourcecode.swift; path = SocialSignupView.swift; sourceTree = "<group>"; };
		D38975B32B4A5AA20000419B /* SignUpView.swift */ = {isa = PBXFileReference; lastKnownFileType = sourcecode.swift; path = SignUpView.swift; sourceTree = "<group>"; };
/* End PBXFileReference section */

/* Begin PBXFrameworksBuildPhase section */
		D38975832B4809A00000419B /* Frameworks */ = {
			isa = PBXFrameworksBuildPhase;
			buildActionMask = 2147483647;
			files = (
			);
			runOnlyForDeploymentPostprocessing = 0;
		};
/* End PBXFrameworksBuildPhase section */

/* Begin PBXGroup section */
		D35232412B5520EB003A630E /* Budgets */ = {
			isa = PBXGroup;
			children = (
				D35232422B552113003A630E /* BudgetsView.swift */,
			);
			path = Budgets;
			sourceTree = "<group>";
		};
		D389757D2B4809A00000419B = {
			isa = PBXGroup;
			children = (
				D38975882B4809A00000419B /* Trackizer */,
				D38975872B4809A00000419B /* Products */,
			);
			sourceTree = "<group>";
		};
		D38975872B4809A00000419B /* Products */ = {
			isa = PBXGroup;
			children = (
				D38975862B4809A00000419B /* Trackizer.app */,
			);
			name = Products;
			sourceTree = "<group>";
		};
		D38975882B4809A00000419B /* Trackizer */ = {
			isa = PBXGroup;
			children = (
				D38975A82B480CF50000419B /* Info.plist */,
				D389759C2B480A760000419B /* UICommon */,
				D389759B2B480A6F0000419B /* Common */,
				D389759A2B480A650000419B /* Model */,
				D38975992B480A5C0000419B /* ViewModel */,
				D38975982B480A4D0000419B /* View */,
				D38975972B480A330000419B /* Font */,
				D38975892B4809A00000419B /* TrackizerApp.swift */,
				D389758D2B4809A10000419B /* Assets.xcassets */,
				D389758F2B4809A10000419B /* Preview Content */,
			);
			path = Trackizer;
			sourceTree = "<group>";
		};
		D389758F2B4809A10000419B /* Preview Content */ = {
			isa = PBXGroup;
			children = (
				D38975902B4809A10000419B /* Preview Assets.xcassets */,
			);
			path = "Preview Content";
			sourceTree = "<group>";
		};
		D38975972B480A330000419B /* Font */ = {
			isa = PBXGroup;
			children = (
				D38975A02B480CD60000419B /* Inter-Bold.ttf */,
				D38975A12B480CD60000419B /* Inter-Medium.ttf */,
				D38975A22B480CD60000419B /* Inter-Regular.ttf */,
				D38975A32B480CD60000419B /* Inter-SemiBold.ttf */,
			);
			path = Font;
			sourceTree = "<group>";
		};
		D38975982B480A4D0000419B /* View */ = {
			isa = PBXGroup;
			children = (
				D35232412B5520EB003A630E /* Budgets */,
				D389759F2B480A8D0000419B /* MainTab */,
				D389759E2B480A860000419B /* Home */,
				D389759D2B480A7F0000419B /* Login */,
			);
			path = View;
			sourceTree = "<group>";
		};
		D38975992B480A5C0000419B /* ViewModel */ = {
			isa = PBXGroup;
			children = (
			);
			path = ViewModel;
			sourceTree = "<group>";
		};
		D389759A2B480A650000419B /* Model */ = {
			isa = PBXGroup;
			children = (
				D35232372B54E41E003A630E /* SubscriptionModel.swift */,
				D35232442B55216C003A630E /* BudgetModel.swift */,
				D35232482B556545003A630E /* ArcModel.swift */,
			);
			path = Model;
			sourceTree = "<group>";
		};
		D389759B2B480A6F0000419B /* Common */ = {
			isa = PBXGroup;
			children = (
			);
			path = Common;
			sourceTree = "<group>";
		};
		D389759C2B480A760000419B /* UICommon */ = {
			isa = PBXGroup;
			children = (
				D38975A92B480D740000419B /* UIExtension.swift */,
				D38975AD2B482E3D0000419B /* PrimaryButton.swift */,
				D38975AF2B482F410000419B /* SecondaryButton.swift */,
				D352322D2B53ADE7003A630E /* RoundTextField.swift */,
				D35232352B54E283003A630E /* SegmentButton.swift */,
				D35232392B54EA73003A630E /* SubscriptionHomeRow.swift */,
				D352323B2B54EB08003A630E /* UpcomingBillRow.swift */,
				D352323D2B54ED66003A630E /* StatusButton.swift */,
				D352323F2B54F07C003A630E /* ArcShape.swift */,
				D35232462B5527B9003A630E /* BudgetRow.swift */,
			);
			path = UICommon;
			sourceTree = "<group>";
		};
		D389759D2B480A7F0000419B /* Login */ = {
			isa = PBXGroup;
			children = (
				D38975AB2B4829C90000419B /* WelcomeView.swift */,
				D38975B12B48307C0000419B /* SocialSignupView.swift */,
				D38975B32B4A5AA20000419B /* SignUpView.swift */,
				D352322F2B53B207003A630E /* SignInView.swift */,
			);
			path = Login;
			sourceTree = "<group>";
		};
		D389759E2B480A860000419B /* Home */ = {
			isa = PBXGroup;
			children = (
				D35232332B53CBF8003A630E /* HomeView.swift */,
			);
			path = Home;
			sourceTree = "<group>";
		};
		D389759F2B480A8D0000419B /* MainTab */ = {
			isa = PBXGroup;
			children = (
				D35232312B53C273003A630E /* MainTabView.swift */,
			);
			path = MainTab;
			sourceTree = "<group>";
		};
/* End PBXGroup section */

/* Begin PBXNativeTarget section */
		D38975852B4809A00000419B /* Trackizer */ = {
			isa = PBXNativeTarget;
			buildConfigurationList = D38975942B4809A10000419B /* Build configuration list for PBXNativeTarget "Trackizer" */;
			buildPhases = (
				D38975822B4809A00000419B /* Sources */,
				D38975832B4809A00000419B /* Frameworks */,
				D38975842B4809A00000419B /* Resources */,
			);
			buildRules = (
			);
			dependencies = (
			);
			name = Trackizer;
			productName = Trackizer;
			productReference = D38975862B4809A00000419B /* Trackizer.app */;
			productType = "com.apple.product-type.application";
		};
/* End PBXNativeTarget section */

/* Begin PBXProject section */
		D389757E2B4809A00000419B /* Project object */ = {
			isa = PBXProject;
			attributes = {
				BuildIndependentTargetsInParallel = 1;
				LastSwiftUpdateCheck = 1510;
				LastUpgradeCheck = 1510;
				TargetAttributes = {
					D38975852B4809A00000419B = {
						CreatedOnToolsVersion = 15.1;
					};
				};
			};
			buildConfigurationList = D38975812B4809A00000419B /* Build configuration list for PBXProject "Trackizer" */;
			compatibilityVersion = "Xcode 14.0";
			developmentRegion = en;
			hasScannedForEncodings = 0;
			knownRegions = (
				en,
				Base,
			);
			mainGroup = D389757D2B4809A00000419B;
			productRefGroup = D38975872B4809A00000419B /* Products */;
			projectDirPath = "";
			projectRoot = "";
			targets = (
				D38975852B4809A00000419B /* Trackizer */,
			);
		};
/* End PBXProject section */

/* Begin PBXResourcesBuildPhase section */
		D38975842B4809A00000419B /* Resources */ = {
			isa = PBXResourcesBuildPhase;
			buildActionMask = 2147483647;
			files = (
				D38975A72B480CD60000419B /* Inter-SemiBold.ttf in Resources */,
				D38975A52B480CD60000419B /* Inter-Medium.ttf in Resources */,
				D38975A62B480CD60000419B /* Inter-Regular.ttf in Resources */,
				D38975A42B480CD60000419B /* Inter-Bold.ttf in Resources */,
				D38975912B4809A10000419B /* Preview Assets.xcassets in Resources */,
				D389758E2B4809A10000419B /* Assets.xcassets in Resources */,
			);
			runOnlyForDeploymentPostprocessing = 0;
		};
/* End PBXResourcesBuildPhase section */

/* Begin PBXSourcesBuildPhase section */
		D38975822B4809A00000419B /* Sources */ = {
			isa = PBXSourcesBuildPhase;
			buildActionMask = 2147483647;
			files = (
				D35232452B55216C003A630E /* BudgetModel.swift in Sources */,
				D35232472B5527B9003A630E /* BudgetRow.swift in Sources */,
				D35232402B54F07C003A630E /* ArcShape.swift in Sources */,
				D352323A2B54EA73003A630E /* SubscriptionHomeRow.swift in Sources */,
				D35232302B53B207003A630E /* SignInView.swift in Sources */,
				D352322E2B53ADE7003A630E /* RoundTextField.swift in Sources */,
				D38975B02B482F410000419B /* SecondaryButton.swift in Sources */,
				D35232492B556545003A630E /* ArcModel.swift in Sources */,
				D38975AA2B480D740000419B /* UIExtension.swift in Sources */,
				D38975AC2B4829C90000419B /* WelcomeView.swift in Sources */,
				D35232342B53CBF8003A630E /* HomeView.swift in Sources */,
				D38975B42B4A5AA20000419B /* SignUpView.swift in Sources */,
				D38975B22B48307C0000419B /* SocialSignupView.swift in Sources */,
				D38975AE2B482E3D0000419B /* PrimaryButton.swift in Sources */,
				D352323C2B54EB08003A630E /* UpcomingBillRow.swift in Sources */,
				D35232362B54E283003A630E /* SegmentButton.swift in Sources */,
				D35232432B552113003A630E /* BudgetsView.swift in Sources */,
				D389758A2B4809A00000419B /* TrackizerApp.swift in Sources */,
				D352323E2B54ED66003A630E /* StatusButton.swift in Sources */,
				D35232322B53C273003A630E /* MainTabView.swift in Sources */,
				D35232382B54E41E003A630E /* SubscriptionModel.swift in Sources */,
			);
			runOnlyForDeploymentPostprocessing = 0;
		};
/* End PBXSourcesBuildPhase section */

/* Begin XCBuildConfiguration section */
		D38975922B4809A10000419B /* Debug */ = {
			isa = XCBuildConfiguration;
			buildSettings = {
				ALWAYS_SEARCH_USER_PATHS = NO;
				ASSETCATALOG_COMPILER_GENERATE_SWIFT_ASSET_SYMBOL_EXTENSIONS = YES;
				CLANG_ANALYZER_NONNULL = YES;
				CLANG_ANALYZER_NUMBER_OBJECT_CONVERSION = YES_AGGRESSIVE;
				CLANG_CXX_LANGUAGE_STANDARD = "gnu++20";
				CLANG_ENABLE_MODULES = YES;
				CLANG_ENABLE_OBJC_ARC = YES;
				CLANG_ENABLE_OBJC_WEAK = YES;
				CLANG_WARN_BLOCK_CAPTURE_AUTORELEASING = YES;
				CLANG_WARN_BOOL_CONVERSION = YES;
				CLANG_WARN_COMMA = YES;
				CLANG_WARN_CONSTANT_CONVERSION = YES;
				CLANG_WARN_DEPRECATED_OBJC_IMPLEMENTATIONS = YES;
				CLANG_WARN_DIRECT_OBJC_ISA_USAGE = YES_ERROR;
				CLANG_WARN_DOCUMENTATION_COMMENTS = YES;
				CLANG_WARN_EMPTY_BODY = YES;
				CLANG_WARN_ENUM_CONVERSION = YES;
				CLANG_WARN_INFINITE_RECURSION = YES;
				CLANG_WARN_INT_CONVERSION = YES;
				CLANG_WARN_NON_LITERAL_NULL_CONVERSION = YES;
				CLANG_WARN_OBJC_IMPLICIT_RETAIN_SELF = YES;
				CLANG_WARN_OBJC_LITERAL_CONVERSION = YES;
				CLANG_WARN_OBJC_ROOT_CLASS = YES_ERROR;
				CLANG_WARN_QUOTED_INCLUDE_IN_FRAMEWORK_HEADER = YES;
				CLANG_WARN_RANGE_LOOP_ANALYSIS = YES;
				CLANG_WARN_STRICT_PROTOTYPES = YES;
				CLANG_WARN_SUSPICIOUS_MOVE = YES;
				CLANG_WARN_UNGUARDED_AVAILABILITY = YES_AGGRESSIVE;
				CLANG_WARN_UNREACHABLE_CODE = YES;
				CLANG_WARN__DUPLICATE_METHOD_MATCH = YES;
				COPY_PHASE_STRIP = NO;
				DEBUG_INFORMATION_FORMAT = dwarf;
				ENABLE_STRICT_OBJC_MSGSEND = YES;
				ENABLE_TESTABILITY = YES;
				ENABLE_USER_SCRIPT_SANDBOXING = YES;
				GCC_C_LANGUAGE_STANDARD = gnu17;
				GCC_DYNAMIC_NO_PIC = NO;
				GCC_NO_COMMON_BLOCKS = YES;
				GCC_OPTIMIZATION_LEVEL = 0;
				GCC_PREPROCESSOR_DEFINITIONS = (
					"DEBUG=1",
					"$(inherited)",
				);
				GCC_WARN_64_TO_32_BIT_CONVERSION = YES;
				GCC_WARN_ABOUT_RETURN_TYPE = YES_ERROR;
				GCC_WARN_UNDECLARED_SELECTOR = YES;
				GCC_WARN_UNINITIALIZED_AUTOS = YES_AGGRESSIVE;
				GCC_WARN_UNUSED_FUNCTION = YES;
				GCC_WARN_UNUSED_VARIABLE = YES;
				IPHONEOS_DEPLOYMENT_TARGET = 17.2;
				LOCALIZATION_PREFERS_STRING_CATALOGS = YES;
				MTL_ENABLE_DEBUG_INFO = INCLUDE_SOURCE;
				MTL_FAST_MATH = YES;
				ONLY_ACTIVE_ARCH = YES;
				SDKROOT = iphoneos;
				SWIFT_ACTIVE_COMPILATION_CONDITIONS = "DEBUG $(inherited)";
				SWIFT_OPTIMIZATION_LEVEL = "-Onone";
			};
			name = Debug;
		};
		D38975932B4809A10000419B /* Release */ = {
			isa = XCBuildConfiguration;
			buildSettings = {
				ALWAYS_SEARCH_USER_PATHS = NO;
				ASSETCATALOG_COMPILER_GENERATE_SWIFT_ASSET_SYMBOL_EXTENSIONS = YES;
				CLANG_ANALYZER_NONNULL = YES;
				CLANG_ANALYZER_NUMBER_OBJECT_CONVERSION = YES_AGGRESSIVE;
				CLANG_CXX_LANGUAGE_STANDARD = "gnu++20";
				CLANG_ENABLE_MODULES = YES;
				CLANG_ENABLE_OBJC_ARC = YES;
				CLANG_ENABLE_OBJC_WEAK = YES;
				CLANG_WARN_BLOCK_CAPTURE_AUTORELEASING = YES;
				CLANG_WARN_BOOL_CONVERSION = YES;
				CLANG_WARN_COMMA = YES;
				CLANG_WARN_CONSTANT_CONVERSION = YES;
				CLANG_WARN_DEPRECATED_OBJC_IMPLEMENTATIONS = YES;
				CLANG_WARN_DIRECT_OBJC_ISA_USAGE = YES_ERROR;
				CLANG_WARN_DOCUMENTATION_COMMENTS = YES;
				CLANG_WARN_EMPTY_BODY = YES;
				CLANG_WARN_ENUM_CONVERSION = YES;
				CLANG_WARN_INFINITE_RECURSION = YES;
				CLANG_WARN_INT_CONVERSION = YES;
				CLANG_WARN_NON_LITERAL_NULL_CONVERSION = YES;
				CLANG_WARN_OBJC_IMPLICIT_RETAIN_SELF = YES;
				CLANG_WARN_OBJC_LITERAL_CONVERSION = YES;
				CLANG_WARN_OBJC_ROOT_CLASS = YES_ERROR;
				CLANG_WARN_QUOTED_INCLUDE_IN_FRAMEWORK_HEADER = YES;
				CLANG_WARN_RANGE_LOOP_ANALYSIS = YES;
				CLANG_WARN_STRICT_PROTOTYPES = YES;
				CLANG_WARN_SUSPICIOUS_MOVE = YES;
				CLANG_WARN_UNGUARDED_AVAILABILITY = YES_AGGRESSIVE;
				CLANG_WARN_UNREACHABLE_CODE = YES;
				CLANG_WARN__DUPLICATE_METHOD_MATCH = YES;
				COPY_PHASE_STRIP = NO;
				DEBUG_INFORMATION_FORMAT = "dwarf-with-dsym";
				ENABLE_NS_ASSERTIONS = NO;
				ENABLE_STRICT_OBJC_MSGSEND = YES;
				ENABLE_USER_SCRIPT_SANDBOXING = YES;
				GCC_C_LANGUAGE_STANDARD = gnu17;
				GCC_NO_COMMON_BLOCKS = YES;
				GCC_WARN_64_TO_32_BIT_CONVERSION = YES;
				GCC_WARN_ABOUT_RETURN_TYPE = YES_ERROR;
				GCC_WARN_UNDECLARED_SELECTOR = YES;
				GCC_WARN_UNINITIALIZED_AUTOS = YES_AGGRESSIVE;
				GCC_WARN_UNUSED_FUNCTION = YES;
				GCC_WARN_UNUSED_VARIABLE = YES;
				IPHONEOS_DEPLOYMENT_TARGET = 17.2;
				LOCALIZATION_PREFERS_STRING_CATALOGS = YES;
				MTL_ENABLE_DEBUG_INFO = NO;
				MTL_FAST_MATH = YES;
				SDKROOT = iphoneos;
				SWIFT_COMPILATION_MODE = wholemodule;
				VALIDATE_PRODUCT = YES;
			};
			name = Release;
		};
		D38975952B4809A10000419B /* Debug */ = {
			isa = XCBuildConfiguration;
			buildSettings = {
				ASSETCATALOG_COMPILER_APPICON_NAME = AppIcon;
				ASSETCATALOG_COMPILER_GLOBAL_ACCENT_COLOR_NAME = AccentColor;
				CODE_SIGN_STYLE = Automatic;
				CURRENT_PROJECT_VERSION = 1;
				DEVELOPMENT_ASSET_PATHS = "\"Trackizer/Preview Content\"";
				DEVELOPMENT_TEAM = K8FKWBYV9S;
				ENABLE_PREVIEWS = YES;
				GENERATE_INFOPLIST_FILE = YES;
				INFOPLIST_FILE = Trackizer/Info.plist;
				INFOPLIST_KEY_UIApplicationSceneManifest_Generation = YES;
				INFOPLIST_KEY_UIApplicationSupportsIndirectInputEvents = YES;
				INFOPLIST_KEY_UILaunchScreen_Generation = YES;
				INFOPLIST_KEY_UISupportedInterfaceOrientations_iPad = "UIInterfaceOrientationPortrait UIInterfaceOrientationPortraitUpsideDown UIInterfaceOrientationLandscapeLeft UIInterfaceOrientationLandscapeRight";
				INFOPLIST_KEY_UISupportedInterfaceOrientations_iPhone = "UIInterfaceOrientationPortrait UIInterfaceOrientationLandscapeLeft UIInterfaceOrientationLandscapeRight";
				LD_RUNPATH_SEARCH_PATHS = (
					"$(inherited)",
					"@executable_path/Frameworks",
				);
				MARKETING_VERSION = 1.0;
				PRODUCT_BUNDLE_IDENTIFIER = frederick.Trackizer;
				PRODUCT_NAME = "$(TARGET_NAME)";
				SWIFT_EMIT_LOC_STRINGS = YES;
				SWIFT_VERSION = 5.0;
				TARGETED_DEVICE_FAMILY = "1,2";
			};
			name = Debug;
		};
		D38975962B4809A10000419B /* Release */ = {
			isa = XCBuildConfiguration;
			buildSettings = {
				ASSETCATALOG_COMPILER_APPICON_NAME = AppIcon;
				ASSETCATALOG_COMPILER_GLOBAL_ACCENT_COLOR_NAME = AccentColor;
				CODE_SIGN_STYLE = Automatic;
				CURRENT_PROJECT_VERSION = 1;
				DEVELOPMENT_ASSET_PATHS = "\"Trackizer/Preview Content\"";
				DEVELOPMENT_TEAM = K8FKWBYV9S;
				ENABLE_PREVIEWS = YES;
				GENERATE_INFOPLIST_FILE = YES;
				INFOPLIST_FILE = Trackizer/Info.plist;
				INFOPLIST_KEY_UIApplicationSceneManifest_Generation = YES;
				INFOPLIST_KEY_UIApplicationSupportsIndirectInputEvents = YES;
				INFOPLIST_KEY_UILaunchScreen_Generation = YES;
				INFOPLIST_KEY_UISupportedInterfaceOrientations_iPad = "UIInterfaceOrientationPortrait UIInterfaceOrientationPortraitUpsideDown UIInterfaceOrientationLandscapeLeft UIInterfaceOrientationLandscapeRight";
				INFOPLIST_KEY_UISupportedInterfaceOrientations_iPhone = "UIInterfaceOrientationPortrait UIInterfaceOrientationLandscapeLeft UIInterfaceOrientationLandscapeRight";
				LD_RUNPATH_SEARCH_PATHS = (
					"$(inherited)",
					"@executable_path/Frameworks",
				);
				MARKETING_VERSION = 1.0;
				PRODUCT_BUNDLE_IDENTIFIER = frederick.Trackizer;
				PRODUCT_NAME = "$(TARGET_NAME)";
				SWIFT_EMIT_LOC_STRINGS = YES;
				SWIFT_VERSION = 5.0;
				TARGETED_DEVICE_FAMILY = "1,2";
			};
			name = Release;
		};
/* End XCBuildConfiguration section */

/* Begin XCConfigurationList section */
		D38975812B4809A00000419B /* Build configuration list for PBXProject "Trackizer" */ = {
			isa = XCConfigurationList;
			buildConfigurations = (
				D38975922B4809A10000419B /* Debug */,
				D38975932B4809A10000419B /* Release */,
			);
			defaultConfigurationIsVisible = 0;
			defaultConfigurationName = Release;
		};
		D38975942B4809A10000419B /* Build configuration list for PBXNativeTarget "Trackizer" */ = {
			isa = XCConfigurationList;
			buildConfigurations = (
				D38975952B4809A10000419B /* Debug */,
				D38975962B4809A10000419B /* Release */,
			);
			defaultConfigurationIsVisible = 0;
			defaultConfigurationName = Release;
		};
/* End XCConfigurationList section */
	};
	rootObject = D389757E2B4809A00000419B /* Project object */;
}
